
Microsoft Visual Studio Solution File, Format Version 12.00
# Visual Studio Version 16
VisualStudioVersion = 16.0.30225.117
MinimumVisualStudioVersion = 10.0.40219.1
Project("{FAE04EC0-301F-11D3-BF4B-00C04F79EFBC}") = "Exercicio 7 - Empilhar Numeros", "Exercicio 7 - Empilhar Numeros.csproj", "{8EF98497-3109-4068-99E3-6280179C7FAC}"
EndProject
Global
	GlobalSection(SolutionConfigurationPlatforms) = preSolution
		Debug|Any CPU = Debug|Any CPU
		Release|Any CPU = Release|Any CPU
	EndGlobalSection
	GlobalSection(ProjectConfigurationPlatforms) = postSolution
		{8EF98497-3109-4068-99E3-6280179C7FAC}.Debug|Any CPU.ActiveCfg = Debug|Any CPU
		{8EF98497-3109-4068-99E3-6280179C7FAC}.Debug|Any CPU.Build.0 = Debug|Any CPU
		{8EF98497-3109-4068-99E3-6280179C7FAC}.Release|Any CPU.ActiveCfg = Release|Any CPU
		{8EF98497-3109-4068-99E3-6280179C7FAC}.Release|Any CPU.Build.0 = Release|Any CPU
	EndGlobalSection
	GlobalSection(SolutionProperties) = preSolution
		HideSolutionNode = FALSE
	EndGlobalSection
	GlobalSection(ExtensibilityGlobals) = postSolution
		SolutionGuid = {8722B0FB-2797-4745-AEE0-6495850FB9FB}
	EndGlobalSection
EndGlobal
